
Microsoft Visual Studio Solution File, Format Version 12.00
Project("{FAE04EC0-301F-11D3-BF4B-00C04F79EFBC}") = "TengrehNoos", "TengrehNoos\TengrehNoos.csproj", "{626026B5-CB83-4585-B70F-AA4244D5FA23}"
EndProject
Global
	GlobalSection(SolutionConfigurationPlatforms) = preSolution
		Debug|Any CPU = Debug|Any CPU
		Release|Any CPU = Release|Any CPU
	EndGlobalSection
	GlobalSection(ProjectConfigurationPlatforms) = postSolution
		{626026B5-CB83-4585-B70F-AA4244D5FA23}.Debug|Any CPU.ActiveCfg = Debug|Any CPU
		{626026B5-CB83-4585-B70F-AA4244D5FA23}.Debug|Any CPU.Build.0 = Debug|Any CPU
		{626026B5-CB83-4585-B70F-AA4244D5FA23}.Release|Any CPU.ActiveCfg = Release|Any CPU
		{626026B5-CB83-4585-B70F-AA4244D5FA23}.Release|Any CPU.Build.0 = Release|Any CPU
	EndGlobalSection
EndGlobal
